
Microsoft Visual Studio Solution File, Format Version 12.00
# Visual Studio Version 17
VisualStudioVersion = 17.6.33829.357
MinimumVisualStudioVersion = 10.0.40219.1
Project("{FAE04EC0-301F-11D3-BF4B-00C04F79EFBC}") = "ExercícioExcecoes", "ExercícioExcecoes\ExercícioExcecoes.csproj", "{17BD16C8-A9A5-4B99-BB9C-B79FCF68AE46}"
EndProject
Global
	GlobalSection(SolutionConfigurationPlatforms) = preSolution
		Debug|Any CPU = Debug|Any CPU
		Release|Any CPU = Release|Any CPU
	EndGlobalSection
	GlobalSection(ProjectConfigurationPlatforms) = postSolution
		{17BD16C8-A9A5-4B99-BB9C-B79FCF68AE46}.Debug|Any CPU.ActiveCfg = Debug|Any CPU
		{17BD16C8-A9A5-4B99-BB9C-B79FCF68AE46}.Debug|Any CPU.Build.0 = Debug|Any CPU
		{17BD16C8-A9A5-4B99-BB9C-B79FCF68AE46}.Release|Any CPU.ActiveCfg = Release|Any CPU
		{17BD16C8-A9A5-4B99-BB9C-B79FCF68AE46}.Release|Any CPU.Build.0 = Release|Any CPU
	EndGlobalSection
	GlobalSection(SolutionProperties) = preSolution
		HideSolutionNode = FALSE
	EndGlobalSection
	GlobalSection(ExtensibilityGlobals) = postSolution
		SolutionGuid = {3FD83EF7-728E-4C08-8103-97F9885AC482}
	EndGlobalSection
EndGlobal
