
Microsoft Visual Studio Solution File, Format Version 12.00
# Visual Studio Version 17
VisualStudioVersion = 17.6.33829.357
MinimumVisualStudioVersion = 10.0.40219.1
Project("{FAE04EC0-301F-11D3-BF4B-00C04F79EFBC}") = "ExercícioResolvido1", "ExercícioResolvido1\ExercícioResolvido1.csproj", "{A82CF047-8811-4704-9A95-5106F405DF60}"
EndProject
Global
	GlobalSection(SolutionConfigurationPlatforms) = preSolution
		Debug|Any CPU = Debug|Any CPU
		Release|Any CPU = Release|Any CPU
	EndGlobalSection
	GlobalSection(ProjectConfigurationPlatforms) = postSolution
		{A82CF047-8811-4704-9A95-5106F405DF60}.Debug|Any CPU.ActiveCfg = Debug|Any CPU
		{A82CF047-8811-4704-9A95-5106F405DF60}.Debug|Any CPU.Build.0 = Debug|Any CPU
		{A82CF047-8811-4704-9A95-5106F405DF60}.Release|Any CPU.ActiveCfg = Release|Any CPU
		{A82CF047-8811-4704-9A95-5106F405DF60}.Release|Any CPU.Build.0 = Release|Any CPU
	EndGlobalSection
	GlobalSection(SolutionProperties) = preSolution
		HideSolutionNode = FALSE
	EndGlobalSection
	GlobalSection(ExtensibilityGlobals) = postSolution
		SolutionGuid = {E284D981-F1FE-40E1-AE21-B2ADB2CB944A}
	EndGlobalSection
EndGlobal
