
Microsoft Visual Studio Solution File, Format Version 12.00
# Visual Studio Version 17
VisualStudioVersion = 17.6.33829.357
MinimumVisualStudioVersion = 10.0.40219.1
Project("{FAE04EC0-301F-11D3-BF4B-00C04F79EFBC}") = "enumarações", "enumarações\enumarações.csproj", "{8CA2888C-8E0D-4855-A959-637D3570E153}"
EndProject
Global
	GlobalSection(SolutionConfigurationPlatforms) = preSolution
		Debug|Any CPU = Debug|Any CPU
		Release|Any CPU = Release|Any CPU
	EndGlobalSection
	GlobalSection(ProjectConfigurationPlatforms) = postSolution
		{8CA2888C-8E0D-4855-A959-637D3570E153}.Debug|Any CPU.ActiveCfg = Debug|Any CPU
		{8CA2888C-8E0D-4855-A959-637D3570E153}.Debug|Any CPU.Build.0 = Debug|Any CPU
		{8CA2888C-8E0D-4855-A959-637D3570E153}.Release|Any CPU.ActiveCfg = Release|Any CPU
		{8CA2888C-8E0D-4855-A959-637D3570E153}.Release|Any CPU.Build.0 = Release|Any CPU
	EndGlobalSection
	GlobalSection(SolutionProperties) = preSolution
		HideSolutionNode = FALSE
	EndGlobalSection
	GlobalSection(ExtensibilityGlobals) = postSolution
		SolutionGuid = {997C2A2A-6783-4F4B-BA26-03E468E16E60}
	EndGlobalSection
EndGlobal
